// !$*UTF8*$!
{
	archiveVersion = 1;
	classes = {
	};
	objectVersion = 51;
	objects = {

/* Begin PBXBuildFile section */
		58252BE0240D611600E132F5 /* SecretKey.swift in Sources */ = {isa = PBXBuildFile; fileRef = 58252BDF240D611600E132F5 /* SecretKey.swift */; };
		58252BE3240D62D300E132F5 /* APIManager.swift in Sources */ = {isa = PBXBuildFile; fileRef = 58252BE2240D62D300E132F5 /* APIManager.swift */; };
		58252BE6240D62FA00E132F5 /* ServiceRequester.swift in Sources */ = {isa = PBXBuildFile; fileRef = 58252BE5240D62FA00E132F5 /* ServiceRequester.swift */; };
		58252BEA240D633400E132F5 /* NetworkError.swift in Sources */ = {isa = PBXBuildFile; fileRef = 58252BE9240D633400E132F5 /* NetworkError.swift */; };
		58252BED240D637E00E132F5 /* MovieRouter.swift in Sources */ = {isa = PBXBuildFile; fileRef = 58252BEC240D637E00E132F5 /* MovieRouter.swift */; };
		58252BEF240D670500E132F5 /* MovieListState.swift in Sources */ = {isa = PBXBuildFile; fileRef = 58252BEE240D670500E132F5 /* MovieListState.swift */; };
		58252BF1240D674100E132F5 /* Movie.swift in Sources */ = {isa = PBXBuildFile; fileRef = 58252BF0240D674100E132F5 /* Movie.swift */; };
		58252BF3240D680D00E132F5 /* MovieServiceCallerProtocol.swift in Sources */ = {isa = PBXBuildFile; fileRef = 58252BF2240D680D00E132F5 /* MovieServiceCallerProtocol.swift */; };
		58252BF5240D683200E132F5 /* MovieListResponse.swift in Sources */ = {isa = PBXBuildFile; fileRef = 58252BF4240D683100E132F5 /* MovieListResponse.swift */; };
		58252BF7240D685700E132F5 /* StatusResponse.swift in Sources */ = {isa = PBXBuildFile; fileRef = 58252BF6240D685700E132F5 /* StatusResponse.swift */; };
		58252BF9240D687E00E132F5 /* MovieServiceCaller.swift in Sources */ = {isa = PBXBuildFile; fileRef = 58252BF8240D687E00E132F5 /* MovieServiceCaller.swift */; };
		582DF935240D5AAC002D7412 /* AppDelegate.swift in Sources */ = {isa = PBXBuildFile; fileRef = 582DF934240D5AAC002D7412 /* AppDelegate.swift */; };
		582DF937240D5AAC002D7412 /* SceneDelegate.swift in Sources */ = {isa = PBXBuildFile; fileRef = 582DF936240D5AAC002D7412 /* SceneDelegate.swift */; };
		582DF939240D5AAC002D7412 /* ViewController.swift in Sources */ = {isa = PBXBuildFile; fileRef = 582DF938240D5AAC002D7412 /* ViewController.swift */; };
		582DF93C240D5AAC002D7412 /* Main.storyboard in Resources */ = {isa = PBXBuildFile; fileRef = 582DF93A240D5AAC002D7412 /* Main.storyboard */; };
		582DF93E240D5AAD002D7412 /* Assets.xcassets in Resources */ = {isa = PBXBuildFile; fileRef = 582DF93D240D5AAD002D7412 /* Assets.xcassets */; };
		582DF941240D5AAD002D7412 /* LaunchScreen.storyboard in Resources */ = {isa = PBXBuildFile; fileRef = 582DF93F240D5AAD002D7412 /* LaunchScreen.storyboard */; };
		582DF94C240D5AAD002D7412 /* Pelina_BeerTests.swift in Sources */ = {isa = PBXBuildFile; fileRef = 582DF94B240D5AAD002D7412 /* Pelina_BeerTests.swift */; };
		582DF957240D5AAD002D7412 /* Pelina_BeerUITests.swift in Sources */ = {isa = PBXBuildFile; fileRef = 582DF956240D5AAD002D7412 /* Pelina_BeerUITests.swift */; };
		8E551102932FA8DB03DC3297 /* Pods_Pelina_BeerTests.framework in Frameworks */ = {isa = PBXBuildFile; fileRef = 9A98CFA16A37951A78409984 /* Pods_Pelina_BeerTests.framework */; };
		CC3524092E6102FB581A68F3 /* Pods_Pelina_Beer_Pelina_BeerUITests.framework in Frameworks */ = {isa = PBXBuildFile; fileRef = 0F5CA223EE9F01671666CACE /* Pods_Pelina_Beer_Pelina_BeerUITests.framework */; };
		FE9027BB73F573AC0E70ABC5 /* Pods_Pelina_Beer.framework in Frameworks */ = {isa = PBXBuildFile; fileRef = C26E93DB6F7CE2D081D92A8E /* Pods_Pelina_Beer.framework */; };
/* End PBXBuildFile section */

/* Begin PBXContainerItemProxy section */
		582DF948240D5AAD002D7412 /* PBXContainerItemProxy */ = {
			isa = PBXContainerItemProxy;
			containerPortal = 582DF929240D5AAC002D7412 /* Project object */;
			proxyType = 1;
			remoteGlobalIDString = 582DF930240D5AAC002D7412;
			remoteInfo = "Pelina Beer";
		};
		582DF953240D5AAD002D7412 /* PBXContainerItemProxy */ = {
			isa = PBXContainerItemProxy;
			containerPortal = 582DF929240D5AAC002D7412 /* Project object */;
			proxyType = 1;
			remoteGlobalIDString = 582DF930240D5AAC002D7412;
			remoteInfo = "Pelina Beer";
		};
/* End PBXContainerItemProxy section */

/* Begin PBXFileReference section */
		05BEA417EF28EE4FD3D272F8 /* Pods-Pelina BeerTests.release.xcconfig */ = {isa = PBXFileReference; includeInIndex = 1; lastKnownFileType = text.xcconfig; name = "Pods-Pelina BeerTests.release.xcconfig"; path = "Target Support Files/Pods-Pelina BeerTests/Pods-Pelina BeerTests.release.xcconfig"; sourceTree = "<group>"; };
		0F5CA223EE9F01671666CACE /* Pods_Pelina_Beer_Pelina_BeerUITests.framework */ = {isa = PBXFileReference; explicitFileType = wrapper.framework; includeInIndex = 0; path = Pods_Pelina_Beer_Pelina_BeerUITests.framework; sourceTree = BUILT_PRODUCTS_DIR; };
		1A76F72ED4F7D3737F28F5EA /* Pods-Pelina Beer-Pelina BeerUITests.debug.xcconfig */ = {isa = PBXFileReference; includeInIndex = 1; lastKnownFileType = text.xcconfig; name = "Pods-Pelina Beer-Pelina BeerUITests.debug.xcconfig"; path = "Target Support Files/Pods-Pelina Beer-Pelina BeerUITests/Pods-Pelina Beer-Pelina BeerUITests.debug.xcconfig"; sourceTree = "<group>"; };
		58252BDF240D611600E132F5 /* SecretKey.swift */ = {isa = PBXFileReference; lastKnownFileType = sourcecode.swift; path = SecretKey.swift; sourceTree = "<group>"; };
		58252BE2240D62D300E132F5 /* APIManager.swift */ = {isa = PBXFileReference; lastKnownFileType = sourcecode.swift; path = APIManager.swift; sourceTree = "<group>"; };
		58252BE5240D62FA00E132F5 /* ServiceRequester.swift */ = {isa = PBXFileReference; lastKnownFileType = sourcecode.swift; path = ServiceRequester.swift; sourceTree = "<group>"; };
		58252BE9240D633400E132F5 /* NetworkError.swift */ = {isa = PBXFileReference; lastKnownFileType = sourcecode.swift; path = NetworkError.swift; sourceTree = "<group>"; };
		58252BEC240D637E00E132F5 /* MovieRouter.swift */ = {isa = PBXFileReference; lastKnownFileType = sourcecode.swift; path = MovieRouter.swift; sourceTree = "<group>"; };
		58252BEE240D670500E132F5 /* MovieListState.swift */ = {isa = PBXFileReference; lastKnownFileType = sourcecode.swift; path = MovieListState.swift; sourceTree = "<group>"; };
		58252BF0240D674100E132F5 /* Movie.swift */ = {isa = PBXFileReference; lastKnownFileType = sourcecode.swift; path = Movie.swift; sourceTree = "<group>"; };
		58252BF2240D680D00E132F5 /* MovieServiceCallerProtocol.swift */ = {isa = PBXFileReference; lastKnownFileType = sourcecode.swift; path = MovieServiceCallerProtocol.swift; sourceTree = "<group>"; };
		58252BF4240D683100E132F5 /* MovieListResponse.swift */ = {isa = PBXFileReference; lastKnownFileType = sourcecode.swift; path = MovieListResponse.swift; sourceTree = "<group>"; };
		58252BF6240D685700E132F5 /* StatusResponse.swift */ = {isa = PBXFileReference; lastKnownFileType = sourcecode.swift; path = StatusResponse.swift; sourceTree = "<group>"; };
		58252BF8240D687E00E132F5 /* MovieServiceCaller.swift */ = {isa = PBXFileReference; lastKnownFileType = sourcecode.swift; path = MovieServiceCaller.swift; sourceTree = "<group>"; };
		582DF931240D5AAC002D7412 /* Pelina Beer.app */ = {isa = PBXFileReference; explicitFileType = wrapper.application; includeInIndex = 0; path = "Pelina Beer.app"; sourceTree = BUILT_PRODUCTS_DIR; };
		582DF934240D5AAC002D7412 /* AppDelegate.swift */ = {isa = PBXFileReference; lastKnownFileType = sourcecode.swift; path = AppDelegate.swift; sourceTree = "<group>"; };
		582DF936240D5AAC002D7412 /* SceneDelegate.swift */ = {isa = PBXFileReference; lastKnownFileType = sourcecode.swift; path = SceneDelegate.swift; sourceTree = "<group>"; };
		582DF938240D5AAC002D7412 /* ViewController.swift */ = {isa = PBXFileReference; lastKnownFileType = sourcecode.swift; path = ViewController.swift; sourceTree = "<group>"; };
		582DF93B240D5AAC002D7412 /* Base */ = {isa = PBXFileReference; lastKnownFileType = file.storyboard; name = Base; path = Base.lproj/Main.storyboard; sourceTree = "<group>"; };
		582DF93D240D5AAD002D7412 /* Assets.xcassets */ = {isa = PBXFileReference; lastKnownFileType = folder.assetcatalog; path = Assets.xcassets; sourceTree = "<group>"; };
		582DF940240D5AAD002D7412 /* Base */ = {isa = PBXFileReference; lastKnownFileType = file.storyboard; name = Base; path = Base.lproj/LaunchScreen.storyboard; sourceTree = "<group>"; };
		582DF942240D5AAD002D7412 /* Info.plist */ = {isa = PBXFileReference; lastKnownFileType = text.plist.xml; path = Info.plist; sourceTree = "<group>"; };
		582DF947240D5AAD002D7412 /* Pelina BeerTests.xctest */ = {isa = PBXFileReference; explicitFileType = wrapper.cfbundle; includeInIndex = 0; path = "Pelina BeerTests.xctest"; sourceTree = BUILT_PRODUCTS_DIR; };
		582DF94B240D5AAD002D7412 /* Pelina_BeerTests.swift */ = {isa = PBXFileReference; lastKnownFileType = sourcecode.swift; path = Pelina_BeerTests.swift; sourceTree = "<group>"; };
		582DF94D240D5AAD002D7412 /* Info.plist */ = {isa = PBXFileReference; lastKnownFileType = text.plist.xml; path = Info.plist; sourceTree = "<group>"; };
		582DF952240D5AAD002D7412 /* Pelina BeerUITests.xctest */ = {isa = PBXFileReference; explicitFileType = wrapper.cfbundle; includeInIndex = 0; path = "Pelina BeerUITests.xctest"; sourceTree = BUILT_PRODUCTS_DIR; };
		582DF956240D5AAD002D7412 /* Pelina_BeerUITests.swift */ = {isa = PBXFileReference; lastKnownFileType = sourcecode.swift; path = Pelina_BeerUITests.swift; sourceTree = "<group>"; };
		582DF958240D5AAD002D7412 /* Info.plist */ = {isa = PBXFileReference; lastKnownFileType = text.plist.xml; path = Info.plist; sourceTree = "<group>"; };
		5BF672D2CD4A355AD97A0493 /* Pods-Pelina BeerTests.debug.xcconfig */ = {isa = PBXFileReference; includeInIndex = 1; lastKnownFileType = text.xcconfig; name = "Pods-Pelina BeerTests.debug.xcconfig"; path = "Target Support Files/Pods-Pelina BeerTests/Pods-Pelina BeerTests.debug.xcconfig"; sourceTree = "<group>"; };
		9A98CFA16A37951A78409984 /* Pods_Pelina_BeerTests.framework */ = {isa = PBXFileReference; explicitFileType = wrapper.framework; includeInIndex = 0; path = Pods_Pelina_BeerTests.framework; sourceTree = BUILT_PRODUCTS_DIR; };
		A65BB669D9D4B6F390A44689 /* Pods-Pelina Beer.debug.xcconfig */ = {isa = PBXFileReference; includeInIndex = 1; lastKnownFileType = text.xcconfig; name = "Pods-Pelina Beer.debug.xcconfig"; path = "Target Support Files/Pods-Pelina Beer/Pods-Pelina Beer.debug.xcconfig"; sourceTree = "<group>"; };
		C26E93DB6F7CE2D081D92A8E /* Pods_Pelina_Beer.framework */ = {isa = PBXFileReference; explicitFileType = wrapper.framework; includeInIndex = 0; path = Pods_Pelina_Beer.framework; sourceTree = BUILT_PRODUCTS_DIR; };
		CFE4C1B120BD7C55F604DEC4 /* Pods-Pelina Beer-Pelina BeerUITests.release.xcconfig */ = {isa = PBXFileReference; includeInIndex = 1; lastKnownFileType = text.xcconfig; name = "Pods-Pelina Beer-Pelina BeerUITests.release.xcconfig"; path = "Target Support Files/Pods-Pelina Beer-Pelina BeerUITests/Pods-Pelina Beer-Pelina BeerUITests.release.xcconfig"; sourceTree = "<group>"; };
		FA148AD235E655061E55F515 /* Pods-Pelina Beer.release.xcconfig */ = {isa = PBXFileReference; includeInIndex = 1; lastKnownFileType = text.xcconfig; name = "Pods-Pelina Beer.release.xcconfig"; path = "Target Support Files/Pods-Pelina Beer/Pods-Pelina Beer.release.xcconfig"; sourceTree = "<group>"; };
/* End PBXFileReference section */

/* Begin PBXFrameworksBuildPhase section */
		582DF92E240D5AAC002D7412 /* Frameworks */ = {
			isa = PBXFrameworksBuildPhase;
			buildActionMask = 2147483647;
			files = (
				FE9027BB73F573AC0E70ABC5 /* Pods_Pelina_Beer.framework in Frameworks */,
			);
			runOnlyForDeploymentPostprocessing = 0;
		};
		582DF944240D5AAD002D7412 /* Frameworks */ = {
			isa = PBXFrameworksBuildPhase;
			buildActionMask = 2147483647;
			files = (
				8E551102932FA8DB03DC3297 /* Pods_Pelina_BeerTests.framework in Frameworks */,
			);
			runOnlyForDeploymentPostprocessing = 0;
		};
		582DF94F240D5AAD002D7412 /* Frameworks */ = {
			isa = PBXFrameworksBuildPhase;
			buildActionMask = 2147483647;
			files = (
				CC3524092E6102FB581A68F3 /* Pods_Pelina_Beer_Pelina_BeerUITests.framework in Frameworks */,
			);
			runOnlyForDeploymentPostprocessing = 0;
		};
/* End PBXFrameworksBuildPhase section */

/* Begin PBXGroup section */
		011506199DA4889DE46E90EE /* Frameworks */ = {
			isa = PBXGroup;
			children = (
				C26E93DB6F7CE2D081D92A8E /* Pods_Pelina_Beer.framework */,
				0F5CA223EE9F01671666CACE /* Pods_Pelina_Beer_Pelina_BeerUITests.framework */,
				9A98CFA16A37951A78409984 /* Pods_Pelina_BeerTests.framework */,
			);
			name = Frameworks;
			sourceTree = "<group>";
		};
		58252BDD240D603D00E132F5 /* Networking */ = {
			isa = PBXGroup;
			children = (
				58252BE1240D62C800E132F5 /* Manager */,
				58252BE4240D62EB00E132F5 /* Requester */,
				58252BEB240D635600E132F5 /* Movie Service */,
			);
			path = Networking;
			sourceTree = "<group>";
		};
		58252BDE240D604600E132F5 /* Secrets */ = {
			isa = PBXGroup;
			children = (
				58252BDF240D611600E132F5 /* SecretKey.swift */,
			);
			path = Secrets;
			sourceTree = "<group>";
		};
		58252BE1240D62C800E132F5 /* Manager */ = {
			isa = PBXGroup;
			children = (
				58252BE2240D62D300E132F5 /* APIManager.swift */,
			);
			path = Manager;
			sourceTree = "<group>";
		};
		58252BE4240D62EB00E132F5 /* Requester */ = {
			isa = PBXGroup;
			children = (
				58252BE5240D62FA00E132F5 /* ServiceRequester.swift */,
			);
			path = Requester;
			sourceTree = "<group>";
		};
		58252BE7240D631500E132F5 /* Models */ = {
			isa = PBXGroup;
			children = (
				58252BFB240D6B0800E132F5 /* Status */,
				58252BFA240D6AE000E132F5 /* Movie */,
				58252BE8240D631A00E132F5 /* Errors */,
			);
			path = Models;
			sourceTree = "<group>";
		};
		58252BE8240D631A00E132F5 /* Errors */ = {
			isa = PBXGroup;
			children = (
				58252BE9240D633400E132F5 /* NetworkError.swift */,
			);
			path = Errors;
			sourceTree = "<group>";
		};
		58252BEB240D635600E132F5 /* Movie Service */ = {
			isa = PBXGroup;
			children = (
				58252BEC240D637E00E132F5 /* MovieRouter.swift */,
				58252BF2240D680D00E132F5 /* MovieServiceCallerProtocol.swift */,
				58252BF8240D687E00E132F5 /* MovieServiceCaller.swift */,
			);
			path = "Movie Service";
			sourceTree = "<group>";
		};
		58252BFA240D6AE000E132F5 /* Movie */ = {
			isa = PBXGroup;
			children = (
				58252BF0240D674100E132F5 /* Movie.swift */,
				58252BEE240D670500E132F5 /* MovieListState.swift */,
				58252BF4240D683100E132F5 /* MovieListResponse.swift */,
			);
			path = Movie;
			sourceTree = "<group>";
		};
		58252BFB240D6B0800E132F5 /* Status */ = {
			isa = PBXGroup;
			children = (
				58252BF6240D685700E132F5 /* StatusResponse.swift */,
			);
			path = Status;
			sourceTree = "<group>";
		};
		582DF928240D5AAC002D7412 = {
			isa = PBXGroup;
			children = (
				582DF933240D5AAC002D7412 /* Pelina Beer */,
				582DF94A240D5AAD002D7412 /* Pelina BeerTests */,
				582DF955240D5AAD002D7412 /* Pelina BeerUITests */,
				582DF932240D5AAC002D7412 /* Products */,
				FEF7AD03A199368B4380AED5 /* Pods */,
				011506199DA4889DE46E90EE /* Frameworks */,
			);
			sourceTree = "<group>";
		};
		582DF932240D5AAC002D7412 /* Products */ = {
			isa = PBXGroup;
			children = (
				582DF931240D5AAC002D7412 /* Pelina Beer.app */,
				582DF947240D5AAD002D7412 /* Pelina BeerTests.xctest */,
				582DF952240D5AAD002D7412 /* Pelina BeerUITests.xctest */,
			);
			name = Products;
			sourceTree = "<group>";
		};
		582DF933240D5AAC002D7412 /* Pelina Beer */ = {
			isa = PBXGroup;
			children = (
				58252BE7240D631500E132F5 /* Models */,
				58252BDE240D604600E132F5 /* Secrets */,
				58252BDD240D603D00E132F5 /* Networking */,
				582DF934240D5AAC002D7412 /* AppDelegate.swift */,
				582DF936240D5AAC002D7412 /* SceneDelegate.swift */,
				582DF938240D5AAC002D7412 /* ViewController.swift */,
				582DF93A240D5AAC002D7412 /* Main.storyboard */,
				582DF93D240D5AAD002D7412 /* Assets.xcassets */,
				582DF93F240D5AAD002D7412 /* LaunchScreen.storyboard */,
				582DF942240D5AAD002D7412 /* Info.plist */,
			);
			path = "Pelina Beer";
			sourceTree = "<group>";
		};
		582DF94A240D5AAD002D7412 /* Pelina BeerTests */ = {
			isa = PBXGroup;
			children = (
				582DF94B240D5AAD002D7412 /* Pelina_BeerTests.swift */,
				582DF94D240D5AAD002D7412 /* Info.plist */,
			);
			path = "Pelina BeerTests";
			sourceTree = "<group>";
		};
		582DF955240D5AAD002D7412 /* Pelina BeerUITests */ = {
			isa = PBXGroup;
			children = (
				582DF956240D5AAD002D7412 /* Pelina_BeerUITests.swift */,
				582DF958240D5AAD002D7412 /* Info.plist */,
			);
			path = "Pelina BeerUITests";
			sourceTree = "<group>";
		};
		FEF7AD03A199368B4380AED5 /* Pods */ = {
			isa = PBXGroup;
			children = (
				A65BB669D9D4B6F390A44689 /* Pods-Pelina Beer.debug.xcconfig */,
				FA148AD235E655061E55F515 /* Pods-Pelina Beer.release.xcconfig */,
				1A76F72ED4F7D3737F28F5EA /* Pods-Pelina Beer-Pelina BeerUITests.debug.xcconfig */,
				CFE4C1B120BD7C55F604DEC4 /* Pods-Pelina Beer-Pelina BeerUITests.release.xcconfig */,
				5BF672D2CD4A355AD97A0493 /* Pods-Pelina BeerTests.debug.xcconfig */,
				05BEA417EF28EE4FD3D272F8 /* Pods-Pelina BeerTests.release.xcconfig */,
			);
			path = Pods;
			sourceTree = "<group>";
		};
/* End PBXGroup section */

/* Begin PBXNativeTarget section */
		582DF930240D5AAC002D7412 /* Pelina Beer */ = {
			isa = PBXNativeTarget;
			buildConfigurationList = 582DF95B240D5AAD002D7412 /* Build configuration list for PBXNativeTarget "Pelina Beer" */;
			buildPhases = (
				0840F60F5090B6FDAC92A0A1 /* [CP] Check Pods Manifest.lock */,
				582DF92D240D5AAC002D7412 /* Sources */,
				582DF92E240D5AAC002D7412 /* Frameworks */,
				582DF92F240D5AAC002D7412 /* Resources */,
				582DF964240D5D42002D7412 /* ShellScript */,
				7BB7B8A1CC5D7FA4FBD09497 /* [CP] Embed Pods Frameworks */,
			);
			buildRules = (
			);
			dependencies = (
			);
			name = "Pelina Beer";
			productName = "Pelina Beer";
			productReference = 582DF931240D5AAC002D7412 /* Pelina Beer.app */;
			productType = "com.apple.product-type.application";
		};
		582DF946240D5AAD002D7412 /* Pelina BeerTests */ = {
			isa = PBXNativeTarget;
			buildConfigurationList = 582DF95E240D5AAD002D7412 /* Build configuration list for PBXNativeTarget "Pelina BeerTests" */;
			buildPhases = (
				A52FCB034BBEB2A368D9E952 /* [CP] Check Pods Manifest.lock */,
				582DF943240D5AAD002D7412 /* Sources */,
				582DF944240D5AAD002D7412 /* Frameworks */,
				582DF945240D5AAD002D7412 /* Resources */,
			);
			buildRules = (
			);
			dependencies = (
				582DF949240D5AAD002D7412 /* PBXTargetDependency */,
			);
			name = "Pelina BeerTests";
			productName = "Pelina BeerTests";
			productReference = 582DF947240D5AAD002D7412 /* Pelina BeerTests.xctest */;
			productType = "com.apple.product-type.bundle.unit-test";
		};
		582DF951240D5AAD002D7412 /* Pelina BeerUITests */ = {
			isa = PBXNativeTarget;
			buildConfigurationList = 582DF961240D5AAD002D7412 /* Build configuration list for PBXNativeTarget "Pelina BeerUITests" */;
			buildPhases = (
				380E2D71A36B3BFEF14363EA /* [CP] Check Pods Manifest.lock */,
				582DF94E240D5AAD002D7412 /* Sources */,
				582DF94F240D5AAD002D7412 /* Frameworks */,
				582DF950240D5AAD002D7412 /* Resources */,
				E954BE1136516F0ADC003EEE /* [CP] Embed Pods Frameworks */,
			);
			buildRules = (
			);
			dependencies = (
				582DF954240D5AAD002D7412 /* PBXTargetDependency */,
			);
			name = "Pelina BeerUITests";
			productName = "Pelina BeerUITests";
			productReference = 582DF952240D5AAD002D7412 /* Pelina BeerUITests.xctest */;
			productType = "com.apple.product-type.bundle.ui-testing";
		};
/* End PBXNativeTarget section */

/* Begin PBXProject section */
		582DF929240D5AAC002D7412 /* Project object */ = {
			isa = PBXProject;
			attributes = {
				LastSwiftUpdateCheck = 1130;
				LastUpgradeCheck = 1130;
				ORGANIZATIONNAME = saulurias;
				TargetAttributes = {
					582DF930240D5AAC002D7412 = {
						CreatedOnToolsVersion = 11.3.1;
					};
					582DF946240D5AAD002D7412 = {
						CreatedOnToolsVersion = 11.3.1;
						TestTargetID = 582DF930240D5AAC002D7412;
					};
					582DF951240D5AAD002D7412 = {
						CreatedOnToolsVersion = 11.3.1;
						TestTargetID = 582DF930240D5AAC002D7412;
					};
				};
			};
			buildConfigurationList = 582DF92C240D5AAC002D7412 /* Build configuration list for PBXProject "Pelina Beer" */;
			compatibilityVersion = "Xcode 9.3";
			developmentRegion = en;
			hasScannedForEncodings = 0;
			knownRegions = (
				en,
				Base,
			);
			mainGroup = 582DF928240D5AAC002D7412;
			productRefGroup = 582DF932240D5AAC002D7412 /* Products */;
			projectDirPath = "";
			projectRoot = "";
			targets = (
				582DF930240D5AAC002D7412 /* Pelina Beer */,
				582DF946240D5AAD002D7412 /* Pelina BeerTests */,
				582DF951240D5AAD002D7412 /* Pelina BeerUITests */,
			);
		};
/* End PBXProject section */

/* Begin PBXResourcesBuildPhase section */
		582DF92F240D5AAC002D7412 /* Resources */ = {
			isa = PBXResourcesBuildPhase;
			buildActionMask = 2147483647;
			files = (
				582DF941240D5AAD002D7412 /* LaunchScreen.storyboard in Resources */,
				582DF93E240D5AAD002D7412 /* Assets.xcassets in Resources */,
				582DF93C240D5AAC002D7412 /* Main.storyboard in Resources */,
			);
			runOnlyForDeploymentPostprocessing = 0;
		};
		582DF945240D5AAD002D7412 /* Resources */ = {
			isa = PBXResourcesBuildPhase;
			buildActionMask = 2147483647;
			files = (
			);
			runOnlyForDeploymentPostprocessing = 0;
		};
		582DF950240D5AAD002D7412 /* Resources */ = {
			isa = PBXResourcesBuildPhase;
			buildActionMask = 2147483647;
			files = (
			);
			runOnlyForDeploymentPostprocessing = 0;
		};
/* End PBXResourcesBuildPhase section */

/* Begin PBXShellScriptBuildPhase section */
		0840F60F5090B6FDAC92A0A1 /* [CP] Check Pods Manifest.lock */ = {
			isa = PBXShellScriptBuildPhase;
			buildActionMask = 2147483647;
			files = (
			);
			inputFileListPaths = (
			);
			inputPaths = (
				"${PODS_PODFILE_DIR_PATH}/Podfile.lock",
				"${PODS_ROOT}/Manifest.lock",
			);
			name = "[CP] Check Pods Manifest.lock";
			outputFileListPaths = (
			);
			outputPaths = (
				"$(DERIVED_FILE_DIR)/Pods-Pelina Beer-checkManifestLockResult.txt",
			);
			runOnlyForDeploymentPostprocessing = 0;
			shellPath = /bin/sh;
			shellScript = "diff \"${PODS_PODFILE_DIR_PATH}/Podfile.lock\" \"${PODS_ROOT}/Manifest.lock\" > /dev/null\nif [ $? != 0 ] ; then\n    # print error to STDERR\n    echo \"error: The sandbox is not in sync with the Podfile.lock. Run 'pod install' or update your CocoaPods installation.\" >&2\n    exit 1\nfi\n# This output is used by Xcode 'outputs' to avoid re-running this script phase.\necho \"SUCCESS\" > \"${SCRIPT_OUTPUT_FILE_0}\"\n";
			showEnvVarsInLog = 0;
		};
		380E2D71A36B3BFEF14363EA /* [CP] Check Pods Manifest.lock */ = {
			isa = PBXShellScriptBuildPhase;
			buildActionMask = 2147483647;
			files = (
			);
			inputFileListPaths = (
			);
			inputPaths = (
				"${PODS_PODFILE_DIR_PATH}/Podfile.lock",
				"${PODS_ROOT}/Manifest.lock",
			);
			name = "[CP] Check Pods Manifest.lock";
			outputFileListPaths = (
			);
			outputPaths = (
				"$(DERIVED_FILE_DIR)/Pods-Pelina Beer-Pelina BeerUITests-checkManifestLockResult.txt",
			);
			runOnlyForDeploymentPostprocessing = 0;
			shellPath = /bin/sh;
			shellScript = "diff \"${PODS_PODFILE_DIR_PATH}/Podfile.lock\" \"${PODS_ROOT}/Manifest.lock\" > /dev/null\nif [ $? != 0 ] ; then\n    # print error to STDERR\n    echo \"error: The sandbox is not in sync with the Podfile.lock. Run 'pod install' or update your CocoaPods installation.\" >&2\n    exit 1\nfi\n# This output is used by Xcode 'outputs' to avoid re-running this script phase.\necho \"SUCCESS\" > \"${SCRIPT_OUTPUT_FILE_0}\"\n";
			showEnvVarsInLog = 0;
		};
		582DF964240D5D42002D7412 /* ShellScript */ = {
			isa = PBXShellScriptBuildPhase;
			buildActionMask = 2147483647;
			files = (
			);
			inputFileListPaths = (
			);
			inputPaths = (
			);
			outputFileListPaths = (
			);
			outputPaths = (
			);
			runOnlyForDeploymentPostprocessing = 0;
			shellPath = /bin/sh;
			shellScript = "\"${PODS_ROOT}/SwiftLint/swiftlint\"\n";
		};
		7BB7B8A1CC5D7FA4FBD09497 /* [CP] Embed Pods Frameworks */ = {
			isa = PBXShellScriptBuildPhase;
			buildActionMask = 2147483647;
			files = (
			);
			inputFileListPaths = (
				"${PODS_ROOT}/Target Support Files/Pods-Pelina Beer/Pods-Pelina Beer-frameworks-${CONFIGURATION}-input-files.xcfilelist",
			);
			name = "[CP] Embed Pods Frameworks";
			outputFileListPaths = (
				"${PODS_ROOT}/Target Support Files/Pods-Pelina Beer/Pods-Pelina Beer-frameworks-${CONFIGURATION}-output-files.xcfilelist",
			);
			runOnlyForDeploymentPostprocessing = 0;
			shellPath = /bin/sh;
			shellScript = "\"${PODS_ROOT}/Target Support Files/Pods-Pelina Beer/Pods-Pelina Beer-frameworks.sh\"\n";
			showEnvVarsInLog = 0;
		};
		A52FCB034BBEB2A368D9E952 /* [CP] Check Pods Manifest.lock */ = {
			isa = PBXShellScriptBuildPhase;
			buildActionMask = 2147483647;
			files = (
			);
			inputFileListPaths = (
			);
			inputPaths = (
				"${PODS_PODFILE_DIR_PATH}/Podfile.lock",
				"${PODS_ROOT}/Manifest.lock",
			);
			name = "[CP] Check Pods Manifest.lock";
			outputFileListPaths = (
			);
			outputPaths = (
				"$(DERIVED_FILE_DIR)/Pods-Pelina BeerTests-checkManifestLockResult.txt",
			);
			runOnlyForDeploymentPostprocessing = 0;
			shellPath = /bin/sh;
			shellScript = "diff \"${PODS_PODFILE_DIR_PATH}/Podfile.lock\" \"${PODS_ROOT}/Manifest.lock\" > /dev/null\nif [ $? != 0 ] ; then\n    # print error to STDERR\n    echo \"error: The sandbox is not in sync with the Podfile.lock. Run 'pod install' or update your CocoaPods installation.\" >&2\n    exit 1\nfi\n# This output is used by Xcode 'outputs' to avoid re-running this script phase.\necho \"SUCCESS\" > \"${SCRIPT_OUTPUT_FILE_0}\"\n";
			showEnvVarsInLog = 0;
		};
		E954BE1136516F0ADC003EEE /* [CP] Embed Pods Frameworks */ = {
			isa = PBXShellScriptBuildPhase;
			buildActionMask = 2147483647;
			files = (
			);
			inputFileListPaths = (
				"${PODS_ROOT}/Target Support Files/Pods-Pelina Beer-Pelina BeerUITests/Pods-Pelina Beer-Pelina BeerUITests-frameworks-${CONFIGURATION}-input-files.xcfilelist",
			);
			name = "[CP] Embed Pods Frameworks";
			outputFileListPaths = (
				"${PODS_ROOT}/Target Support Files/Pods-Pelina Beer-Pelina BeerUITests/Pods-Pelina Beer-Pelina BeerUITests-frameworks-${CONFIGURATION}-output-files.xcfilelist",
			);
			runOnlyForDeploymentPostprocessing = 0;
			shellPath = /bin/sh;
			shellScript = "\"${PODS_ROOT}/Target Support Files/Pods-Pelina Beer-Pelina BeerUITests/Pods-Pelina Beer-Pelina BeerUITests-frameworks.sh\"\n";
			showEnvVarsInLog = 0;
		};
/* End PBXShellScriptBuildPhase section */

/* Begin PBXSourcesBuildPhase section */
		582DF92D240D5AAC002D7412 /* Sources */ = {
			isa = PBXSourcesBuildPhase;
			buildActionMask = 2147483647;
			files = (
				582DF939240D5AAC002D7412 /* ViewController.swift in Sources */,
				58252BF5240D683200E132F5 /* MovieListResponse.swift in Sources */,
				58252BEA240D633400E132F5 /* NetworkError.swift in Sources */,
				58252BE0240D611600E132F5 /* SecretKey.swift in Sources */,
				58252BF3240D680D00E132F5 /* MovieServiceCallerProtocol.swift in Sources */,
				58252BE6240D62FA00E132F5 /* ServiceRequester.swift in Sources */,
				58252BF1240D674100E132F5 /* Movie.swift in Sources */,
				58252BE3240D62D300E132F5 /* APIManager.swift in Sources */,
				58252BEF240D670500E132F5 /* MovieListState.swift in Sources */,
				58252BF9240D687E00E132F5 /* MovieServiceCaller.swift in Sources */,
				58252BED240D637E00E132F5 /* MovieRouter.swift in Sources */,
				58252BF7240D685700E132F5 /* StatusResponse.swift in Sources */,
				582DF935240D5AAC002D7412 /* AppDelegate.swift in Sources */,
				582DF937240D5AAC002D7412 /* SceneDelegate.swift in Sources */,
			);
			runOnlyForDeploymentPostprocessing = 0;
		};
		582DF943240D5AAD002D7412 /* Sources */ = {
			isa = PBXSourcesBuildPhase;
			buildActionMask = 2147483647;
			files = (
				582DF94C240D5AAD002D7412 /* Pelina_BeerTests.swift in Sources */,
			);
			runOnlyForDeploymentPostprocessing = 0;
		};
		582DF94E240D5AAD002D7412 /* Sources */ = {
			isa = PBXSourcesBuildPhase;
			buildActionMask = 2147483647;
			files = (
				582DF957240D5AAD002D7412 /* Pelina_BeerUITests.swift in Sources */,
			);
			runOnlyForDeploymentPostprocessing = 0;
		};
/* End PBXSourcesBuildPhase section */

/* Begin PBXTargetDependency section */
		582DF949240D5AAD002D7412 /* PBXTargetDependency */ = {
			isa = PBXTargetDependency;
			target = 582DF930240D5AAC002D7412 /* Pelina Beer */;
			targetProxy = 582DF948240D5AAD002D7412 /* PBXContainerItemProxy */;
		};
		582DF954240D5AAD002D7412 /* PBXTargetDependency */ = {
			isa = PBXTargetDependency;
			target = 582DF930240D5AAC002D7412 /* Pelina Beer */;
			targetProxy = 582DF953240D5AAD002D7412 /* PBXContainerItemProxy */;
		};
/* End PBXTargetDependency section */

/* Begin PBXVariantGroup section */
		582DF93A240D5AAC002D7412 /* Main.storyboard */ = {
			isa = PBXVariantGroup;
			children = (
				582DF93B240D5AAC002D7412 /* Base */,
			);
			name = Main.storyboard;
			sourceTree = "<group>";
		};
		582DF93F240D5AAD002D7412 /* LaunchScreen.storyboard */ = {
			isa = PBXVariantGroup;
			children = (
				582DF940240D5AAD002D7412 /* Base */,
			);
			name = LaunchScreen.storyboard;
			sourceTree = "<group>";
		};
/* End PBXVariantGroup section */

/* Begin XCBuildConfiguration section */
		582DF959240D5AAD002D7412 /* Debug */ = {
			isa = XCBuildConfiguration;
			buildSettings = {
				ALWAYS_SEARCH_USER_PATHS = NO;
				CLANG_ANALYZER_NONNULL = YES;
				CLANG_ANALYZER_NUMBER_OBJECT_CONVERSION = YES_AGGRESSIVE;
				CLANG_CXX_LANGUAGE_STANDARD = "gnu++14";
				CLANG_CXX_LIBRARY = "libc++";
				CLANG_ENABLE_MODULES = YES;
				CLANG_ENABLE_OBJC_ARC = YES;
				CLANG_ENABLE_OBJC_WEAK = YES;
				CLANG_WARN_BLOCK_CAPTURE_AUTORELEASING = YES;
				CLANG_WARN_BOOL_CONVERSION = YES;
				CLANG_WARN_COMMA = YES;
				CLANG_WARN_CONSTANT_CONVERSION = YES;
				CLANG_WARN_DEPRECATED_OBJC_IMPLEMENTATIONS = YES;
				CLANG_WARN_DIRECT_OBJC_ISA_USAGE = YES_ERROR;
				CLANG_WARN_DOCUMENTATION_COMMENTS = YES;
				CLANG_WARN_EMPTY_BODY = YES;
				CLANG_WARN_ENUM_CONVERSION = YES;
				CLANG_WARN_INFINITE_RECURSION = YES;
				CLANG_WARN_INT_CONVERSION = YES;
				CLANG_WARN_NON_LITERAL_NULL_CONVERSION = YES;
				CLANG_WARN_OBJC_IMPLICIT_RETAIN_SELF = YES;
				CLANG_WARN_OBJC_LITERAL_CONVERSION = YES;
				CLANG_WARN_OBJC_ROOT_CLASS = YES_ERROR;
				CLANG_WARN_RANGE_LOOP_ANALYSIS = YES;
				CLANG_WARN_STRICT_PROTOTYPES = YES;
				CLANG_WARN_SUSPICIOUS_MOVE = YES;
				CLANG_WARN_UNGUARDED_AVAILABILITY = YES_AGGRESSIVE;
				CLANG_WARN_UNREACHABLE_CODE = YES;
				CLANG_WARN__DUPLICATE_METHOD_MATCH = YES;
				COPY_PHASE_STRIP = NO;
				DEBUG_INFORMATION_FORMAT = dwarf;
				ENABLE_STRICT_OBJC_MSGSEND = YES;
				ENABLE_TESTABILITY = YES;
				GCC_C_LANGUAGE_STANDARD = gnu11;
				GCC_DYNAMIC_NO_PIC = NO;
				GCC_NO_COMMON_BLOCKS = YES;
				GCC_OPTIMIZATION_LEVEL = 0;
				GCC_PREPROCESSOR_DEFINITIONS = (
					"DEBUG=1",
					"$(inherited)",
				);
				GCC_WARN_64_TO_32_BIT_CONVERSION = YES;
				GCC_WARN_ABOUT_RETURN_TYPE = YES_ERROR;
				GCC_WARN_UNDECLARED_SELECTOR = YES;
				GCC_WARN_UNINITIALIZED_AUTOS = YES_AGGRESSIVE;
				GCC_WARN_UNUSED_FUNCTION = YES;
				GCC_WARN_UNUSED_VARIABLE = YES;
				IPHONEOS_DEPLOYMENT_TARGET = 13.2;
				MTL_ENABLE_DEBUG_INFO = INCLUDE_SOURCE;
				MTL_FAST_MATH = YES;
				ONLY_ACTIVE_ARCH = YES;
				SDKROOT = iphoneos;
				SWIFT_ACTIVE_COMPILATION_CONDITIONS = DEBUG;
				SWIFT_OPTIMIZATION_LEVEL = "-Onone";
			};
			name = Debug;
		};
		582DF95A240D5AAD002D7412 /* Release */ = {
			isa = XCBuildConfiguration;
			buildSettings = {
				ALWAYS_SEARCH_USER_PATHS = NO;
				CLANG_ANALYZER_NONNULL = YES;
				CLANG_ANALYZER_NUMBER_OBJECT_CONVERSION = YES_AGGRESSIVE;
				CLANG_CXX_LANGUAGE_STANDARD = "gnu++14";
				CLANG_CXX_LIBRARY = "libc++";
				CLANG_ENABLE_MODULES = YES;
				CLANG_ENABLE_OBJC_ARC = YES;
				CLANG_ENABLE_OBJC_WEAK = YES;
				CLANG_WARN_BLOCK_CAPTURE_AUTORELEASING = YES;
				CLANG_WARN_BOOL_CONVERSION = YES;
				CLANG_WARN_COMMA = YES;
				CLANG_WARN_CONSTANT_CONVERSION = YES;
				CLANG_WARN_DEPRECATED_OBJC_IMPLEMENTATIONS = YES;
				CLANG_WARN_DIRECT_OBJC_ISA_USAGE = YES_ERROR;
				CLANG_WARN_DOCUMENTATION_COMMENTS = YES;
				CLANG_WARN_EMPTY_BODY = YES;
				CLANG_WARN_ENUM_CONVERSION = YES;
				CLANG_WARN_INFINITE_RECURSION = YES;
				CLANG_WARN_INT_CONVERSION = YES;
				CLANG_WARN_NON_LITERAL_NULL_CONVERSION = YES;
				CLANG_WARN_OBJC_IMPLICIT_RETAIN_SELF = YES;
				CLANG_WARN_OBJC_LITERAL_CONVERSION = YES;
				CLANG_WARN_OBJC_ROOT_CLASS = YES_ERROR;
				CLANG_WARN_RANGE_LOOP_ANALYSIS = YES;
				CLANG_WARN_STRICT_PROTOTYPES = YES;
				CLANG_WARN_SUSPICIOUS_MOVE = YES;
				CLANG_WARN_UNGUARDED_AVAILABILITY = YES_AGGRESSIVE;
				CLANG_WARN_UNREACHABLE_CODE = YES;
				CLANG_WARN__DUPLICATE_METHOD_MATCH = YES;
				COPY_PHASE_STRIP = NO;
				DEBUG_INFORMATION_FORMAT = "dwarf-with-dsym";
				ENABLE_NS_ASSERTIONS = NO;
				ENABLE_STRICT_OBJC_MSGSEND = YES;
				GCC_C_LANGUAGE_STANDARD = gnu11;
				GCC_NO_COMMON_BLOCKS = YES;
				GCC_WARN_64_TO_32_BIT_CONVERSION = YES;
				GCC_WARN_ABOUT_RETURN_TYPE = YES_ERROR;
				GCC_WARN_UNDECLARED_SELECTOR = YES;
				GCC_WARN_UNINITIALIZED_AUTOS = YES_AGGRESSIVE;
				GCC_WARN_UNUSED_FUNCTION = YES;
				GCC_WARN_UNUSED_VARIABLE = YES;
				IPHONEOS_DEPLOYMENT_TARGET = 13.2;
				MTL_ENABLE_DEBUG_INFO = NO;
				MTL_FAST_MATH = YES;
				SDKROOT = iphoneos;
				SWIFT_COMPILATION_MODE = wholemodule;
				SWIFT_OPTIMIZATION_LEVEL = "-O";
				VALIDATE_PRODUCT = YES;
			};
			name = Release;
		};
		582DF95C240D5AAD002D7412 /* Debug */ = {
			isa = XCBuildConfiguration;
			baseConfigurationReference = A65BB669D9D4B6F390A44689 /* Pods-Pelina Beer.debug.xcconfig */;
			buildSettings = {
				ASSETCATALOG_COMPILER_APPICON_NAME = AppIcon;
				CODE_SIGN_STYLE = Automatic;
				DEVELOPMENT_TEAM = A7XSB8HU3F;
				INFOPLIST_FILE = "Pelina Beer/Info.plist";
				IPHONEOS_DEPLOYMENT_TARGET = 13.0;
				LD_RUNPATH_SEARCH_PATHS = (
					"$(inherited)",
					"@executable_path/Frameworks",
				);
				PRODUCT_BUNDLE_IDENTIFIER = "com.saulurias.Pelina-Beer";
				PRODUCT_NAME = "$(TARGET_NAME)";
				SWIFT_VERSION = 5.0;
				TARGETED_DEVICE_FAMILY = "1,2";
			};
			name = Debug;
		};
		582DF95D240D5AAD002D7412 /* Release */ = {
			isa = XCBuildConfiguration;
			baseConfigurationReference = FA148AD235E655061E55F515 /* Pods-Pelina Beer.release.xcconfig */;
			buildSettings = {
				ASSETCATALOG_COMPILER_APPICON_NAME = AppIcon;
				CODE_SIGN_STYLE = Automatic;
				DEVELOPMENT_TEAM = A7XSB8HU3F;
				INFOPLIST_FILE = "Pelina Beer/Info.plist";
				IPHONEOS_DEPLOYMENT_TARGET = 13.0;
				LD_RUNPATH_SEARCH_PATHS = (
					"$(inherited)",
					"@executable_path/Frameworks",
				);
				PRODUCT_BUNDLE_IDENTIFIER = "com.saulurias.Pelina-Beer";
				PRODUCT_NAME = "$(TARGET_NAME)";
				SWIFT_VERSION = 5.0;
				TARGETED_DEVICE_FAMILY = "1,2";
			};
			name = Release;
		};
		582DF95F240D5AAD002D7412 /* Debug */ = {
			isa = XCBuildConfiguration;
			baseConfigurationReference = 5BF672D2CD4A355AD97A0493 /* Pods-Pelina BeerTests.debug.xcconfig */;
			buildSettings = {
				ALWAYS_EMBED_SWIFT_STANDARD_LIBRARIES = YES;
				BUNDLE_LOADER = "$(TEST_HOST)";
				CODE_SIGN_STYLE = Automatic;
				DEVELOPMENT_TEAM = A7XSB8HU3F;
				INFOPLIST_FILE = "Pelina BeerTests/Info.plist";
				IPHONEOS_DEPLOYMENT_TARGET = 13.2;
				LD_RUNPATH_SEARCH_PATHS = (
					"$(inherited)",
					"@executable_path/Frameworks",
					"@loader_path/Frameworks",
				);
				PRODUCT_BUNDLE_IDENTIFIER = "com.saulurias.Pelina-BeerTests";
				PRODUCT_NAME = "$(TARGET_NAME)";
				SWIFT_VERSION = 5.0;
				TARGETED_DEVICE_FAMILY = "1,2";
				TEST_HOST = "$(BUILT_PRODUCTS_DIR)/Pelina Beer.app/Pelina Beer";
			};
			name = Debug;
		};
		582DF960240D5AAD002D7412 /* Release */ = {
			isa = XCBuildConfiguration;
			baseConfigurationReference = 05BEA417EF28EE4FD3D272F8 /* Pods-Pelina BeerTests.release.xcconfig */;
			buildSettings = {
				ALWAYS_EMBED_SWIFT_STANDARD_LIBRARIES = YES;
				BUNDLE_LOADER = "$(TEST_HOST)";
				CODE_SIGN_STYLE = Automatic;
				DEVELOPMENT_TEAM = A7XSB8HU3F;
				INFOPLIST_FILE = "Pelina BeerTests/Info.plist";
				IPHONEOS_DEPLOYMENT_TARGET = 13.2;
				LD_RUNPATH_SEARCH_PATHS = (
					"$(inherited)",
					"@executable_path/Frameworks",
					"@loader_path/Frameworks",
				);
				PRODUCT_BUNDLE_IDENTIFIER = "com.saulurias.Pelina-BeerTests";
				PRODUCT_NAME = "$(TARGET_NAME)";
				SWIFT_VERSION = 5.0;
				TARGETED_DEVICE_FAMILY = "1,2";
				TEST_HOST = "$(BUILT_PRODUCTS_DIR)/Pelina Beer.app/Pelina Beer";
			};
			name = Release;
		};
		582DF962240D5AAD002D7412 /* Debug */ = {
			isa = XCBuildConfiguration;
			baseConfigurationReference = 1A76F72ED4F7D3737F28F5EA /* Pods-Pelina Beer-Pelina BeerUITests.debug.xcconfig */;
			buildSettings = {
				ALWAYS_EMBED_SWIFT_STANDARD_LIBRARIES = YES;
				CODE_SIGN_STYLE = Automatic;
				DEVELOPMENT_TEAM = A7XSB8HU3F;
				INFOPLIST_FILE = "Pelina BeerUITests/Info.plist";
				LD_RUNPATH_SEARCH_PATHS = (
					"$(inherited)",
					"@executable_path/Frameworks",
					"@loader_path/Frameworks",
				);
				PRODUCT_BUNDLE_IDENTIFIER = "com.saulurias.Pelina-BeerUITests";
				PRODUCT_NAME = "$(TARGET_NAME)";
				SWIFT_VERSION = 5.0;
				TARGETED_DEVICE_FAMILY = "1,2";
				TEST_TARGET_NAME = "Pelina Beer";
			};
			name = Debug;
		};
		582DF963240D5AAD002D7412 /* Release */ = {
			isa = XCBuildConfiguration;
			baseConfigurationReference = CFE4C1B120BD7C55F604DEC4 /* Pods-Pelina Beer-Pelina BeerUITests.release.xcconfig */;
			buildSettings = {
				ALWAYS_EMBED_SWIFT_STANDARD_LIBRARIES = YES;
				CODE_SIGN_STYLE = Automatic;
				DEVELOPMENT_TEAM = A7XSB8HU3F;
				INFOPLIST_FILE = "Pelina BeerUITests/Info.plist";
				LD_RUNPATH_SEARCH_PATHS = (
					"$(inherited)",
					"@executable_path/Frameworks",
					"@loader_path/Frameworks",
				);
				PRODUCT_BUNDLE_IDENTIFIER = "com.saulurias.Pelina-BeerUITests";
				PRODUCT_NAME = "$(TARGET_NAME)";
				SWIFT_VERSION = 5.0;
				TARGETED_DEVICE_FAMILY = "1,2";
				TEST_TARGET_NAME = "Pelina Beer";
			};
			name = Release;
		};
/* End XCBuildConfiguration section */

/* Begin XCConfigurationList section */
		582DF92C240D5AAC002D7412 /* Build configuration list for PBXProject "Pelina Beer" */ = {
			isa = XCConfigurationList;
			buildConfigurations = (
				582DF959240D5AAD002D7412 /* Debug */,
				582DF95A240D5AAD002D7412 /* Release */,
			);
			defaultConfigurationIsVisible = 0;
			defaultConfigurationName = Release;
		};
		582DF95B240D5AAD002D7412 /* Build configuration list for PBXNativeTarget "Pelina Beer" */ = {
			isa = XCConfigurationList;
			buildConfigurations = (
				582DF95C240D5AAD002D7412 /* Debug */,
				582DF95D240D5AAD002D7412 /* Release */,
			);
			defaultConfigurationIsVisible = 0;
			defaultConfigurationName = Release;
		};
		582DF95E240D5AAD002D7412 /* Build configuration list for PBXNativeTarget "Pelina BeerTests" */ = {
			isa = XCConfigurationList;
			buildConfigurations = (
				582DF95F240D5AAD002D7412 /* Debug */,
				582DF960240D5AAD002D7412 /* Release */,
			);
			defaultConfigurationIsVisible = 0;
			defaultConfigurationName = Release;
		};
		582DF961240D5AAD002D7412 /* Build configuration list for PBXNativeTarget "Pelina BeerUITests" */ = {
			isa = XCConfigurationList;
			buildConfigurations = (
				582DF962240D5AAD002D7412 /* Debug */,
				582DF963240D5AAD002D7412 /* Release */,
			);
			defaultConfigurationIsVisible = 0;
			defaultConfigurationName = Release;
		};
/* End XCConfigurationList section */
	};
	rootObject = 582DF929240D5AAC002D7412 /* Project object */;
}
