PODS:
  - Alamofire (4.9.1)
  - SwiftLint (0.38.2)

DEPENDENCIES:
  - Alamofire (~> 4.9.1)
  - SwiftLint

SPEC REPOS:
  trunk:
    - Alamofire
    - SwiftLint

SPEC CHECKSUMS:
  Alamofire: 85e8a02c69d6020a0d734f6054870d7ecb75cf18
  SwiftLint: 8f5d2f903e1c9bcbc832fd16771e80a263ac6cbb

PODFILE CHECKSUM: 507fceb3a660b73042b1330da91f9718b5209afd

COCOAPODS: 1.8.4
